// !$*UTF8*$!
{
	archiveVersion = 1;
	classes = {
	};
	objectVersion = 51;
	objects = {

/* Begin PBXBuildFile section */
		1045668213B3D8C3B398A105 /* Pods_ServerGuruTests.framework in Frameworks */ = {isa = PBXBuildFile; fileRef = C453780FCD254F132B29B317 /* Pods_ServerGuruTests.framework */; };
		10C7EA0212609F99880337F4 /* Pods_ServerGuru.framework in Frameworks */ = {isa = PBXBuildFile; fileRef = 28C00054A0A87D79E26A32F6 /* Pods_ServerGuru.framework */; };
		4B1BE232266EA80000B51534 /* DynamicCollectionView.swift in Sources */ = {isa = PBXBuildFile; fileRef = 4B1BE231266EA80000B51534 /* DynamicCollectionView.swift */; };
		4B1BE235266EA9BF00B51534 /* ViewHolderModel.swift in Sources */ = {isa = PBXBuildFile; fileRef = 4B1BE234266EA9BF00B51534 /* ViewHolderModel.swift */; };
		4B1BE238266EB61700B51534 /* Coordinator.swift in Sources */ = {isa = PBXBuildFile; fileRef = 4B1BE237266EB61700B51534 /* Coordinator.swift */; };
		4B1BE23B266ED2AC00B51534 /* MainCoordinator.swift in Sources */ = {isa = PBXBuildFile; fileRef = 4B1BE23A266ED2AC00B51534 /* MainCoordinator.swift */; };
		4B1BE23F2671212E00B51534 /* MainViewController.xib in Resources */ = {isa = PBXBuildFile; fileRef = 4B1BE23E2671212E00B51534 /* MainViewController.xib */; };
		4B1BE2412671273100B51534 /* MainVCM.swift in Sources */ = {isa = PBXBuildFile; fileRef = 4B1BE2402671273100B51534 /* MainVCM.swift */; };
		4B1BE2432671295C00B51534 /* DynamicCollectionView.xib in Resources */ = {isa = PBXBuildFile; fileRef = 4B1BE2422671295C00B51534 /* DynamicCollectionView.xib */; };
		4B1BE24726712BE600B51534 /* StandardButtonCVC.swift in Sources */ = {isa = PBXBuildFile; fileRef = 4B1BE24526712BE600B51534 /* StandardButtonCVC.swift */; };
		4B1BE24826712BE600B51534 /* StandardButtonCVC.xib in Resources */ = {isa = PBXBuildFile; fileRef = 4B1BE24626712BE600B51534 /* StandardButtonCVC.xib */; };
		4B4128AD2556320600EDE383 /* AppDelegate.swift in Sources */ = {isa = PBXBuildFile; fileRef = 4B4128AC2556320600EDE383 /* AppDelegate.swift */; };
		4B4128AF2556320600EDE383 /* SceneDelegate.swift in Sources */ = {isa = PBXBuildFile; fileRef = 4B4128AE2556320600EDE383 /* SceneDelegate.swift */; };
		4B4128B12556320600EDE383 /* MainViewController.swift in Sources */ = {isa = PBXBuildFile; fileRef = 4B4128B02556320600EDE383 /* MainViewController.swift */; };
		4B4128B72556320600EDE383 /* ServerGuru.xcdatamodeld in Sources */ = {isa = PBXBuildFile; fileRef = 4B4128B52556320600EDE383 /* ServerGuru.xcdatamodeld */; };
		4B4128B92556320900EDE383 /* Assets.xcassets in Resources */ = {isa = PBXBuildFile; fileRef = 4B4128B82556320900EDE383 /* Assets.xcassets */; };
		4B4128BC2556320900EDE383 /* LaunchScreen.storyboard in Resources */ = {isa = PBXBuildFile; fileRef = 4B4128BA2556320900EDE383 /* LaunchScreen.storyboard */; };
		4B4128C72556320A00EDE383 /* ServerGuruTests.swift in Sources */ = {isa = PBXBuildFile; fileRef = 4B4128C62556320A00EDE383 /* ServerGuruTests.swift */; };
		4B4128D22556320A00EDE383 /* ServerGuruUITests.swift in Sources */ = {isa = PBXBuildFile; fileRef = 4B4128D12556320A00EDE383 /* ServerGuruUITests.swift */; };
		4B4128ED25563E3200EDE383 /* Restaurant.swift in Sources */ = {isa = PBXBuildFile; fileRef = 4B4128EC25563E3200EDE383 /* Restaurant.swift */; };
		4B4129202559E02C00EDE383 /* MenuViewController.swift in Sources */ = {isa = PBXBuildFile; fileRef = 4B41291F2559E02C00EDE383 /* MenuViewController.swift */; };
		4B4129282559E03C00EDE383 /* MenuViewControllerModel.swift in Sources */ = {isa = PBXBuildFile; fileRef = 4B4129272559E03C00EDE383 /* MenuViewControllerModel.swift */; };
		CD7FED4D26169934DF6E68C3 /* Pods_ServerGuru_ServerGuruUITests.framework in Frameworks */ = {isa = PBXBuildFile; fileRef = B241EF0B1BB0DFCA28DF82C0 /* Pods_ServerGuru_ServerGuruUITests.framework */; };
/* End PBXBuildFile section */

/* Begin PBXContainerItemProxy section */
		4B4128C32556320A00EDE383 /* PBXContainerItemProxy */ = {
			isa = PBXContainerItemProxy;
			containerPortal = 4B4128A12556320500EDE383 /* Project object */;
			proxyType = 1;
			remoteGlobalIDString = 4B4128A82556320600EDE383;
			remoteInfo = ServerGuru;
		};
		4B4128CE2556320A00EDE383 /* PBXContainerItemProxy */ = {
			isa = PBXContainerItemProxy;
			containerPortal = 4B4128A12556320500EDE383 /* Project object */;
			proxyType = 1;
			remoteGlobalIDString = 4B4128A82556320600EDE383;
			remoteInfo = ServerGuru;
		};
/* End PBXContainerItemProxy section */

/* Begin PBXFileReference section */
		28C00054A0A87D79E26A32F6 /* Pods_ServerGuru.framework */ = {isa = PBXFileReference; explicitFileType = wrapper.framework; includeInIndex = 0; path = Pods_ServerGuru.framework; sourceTree = BUILT_PRODUCTS_DIR; };
		4B1BE231266EA80000B51534 /* DynamicCollectionView.swift */ = {isa = PBXFileReference; lastKnownFileType = sourcecode.swift; path = DynamicCollectionView.swift; sourceTree = "<group>"; };
		4B1BE234266EA9BF00B51534 /* ViewHolderModel.swift */ = {isa = PBXFileReference; lastKnownFileType = sourcecode.swift; path = ViewHolderModel.swift; sourceTree = "<group>"; };
		4B1BE237266EB61700B51534 /* Coordinator.swift */ = {isa = PBXFileReference; lastKnownFileType = sourcecode.swift; path = Coordinator.swift; sourceTree = "<group>"; };
		4B1BE23A266ED2AC00B51534 /* MainCoordinator.swift */ = {isa = PBXFileReference; lastKnownFileType = sourcecode.swift; path = MainCoordinator.swift; sourceTree = "<group>"; };
		4B1BE23E2671212E00B51534 /* MainViewController.xib */ = {isa = PBXFileReference; lastKnownFileType = file.xib; path = MainViewController.xib; sourceTree = "<group>"; };
		4B1BE2402671273100B51534 /* MainVCM.swift */ = {isa = PBXFileReference; lastKnownFileType = sourcecode.swift; path = MainVCM.swift; sourceTree = "<group>"; };
		4B1BE2422671295C00B51534 /* DynamicCollectionView.xib */ = {isa = PBXFileReference; lastKnownFileType = file.xib; path = DynamicCollectionView.xib; sourceTree = "<group>"; };
		4B1BE24526712BE600B51534 /* StandardButtonCVC.swift */ = {isa = PBXFileReference; lastKnownFileType = sourcecode.swift; path = StandardButtonCVC.swift; sourceTree = "<group>"; };
		4B1BE24626712BE600B51534 /* StandardButtonCVC.xib */ = {isa = PBXFileReference; lastKnownFileType = file.xib; path = StandardButtonCVC.xib; sourceTree = "<group>"; };
		4B4128A92556320600EDE383 /* ServerGuru.app */ = {isa = PBXFileReference; explicitFileType = wrapper.application; includeInIndex = 0; path = ServerGuru.app; sourceTree = BUILT_PRODUCTS_DIR; };
		4B4128AC2556320600EDE383 /* AppDelegate.swift */ = {isa = PBXFileReference; lastKnownFileType = sourcecode.swift; path = AppDelegate.swift; sourceTree = "<group>"; };
		4B4128AE2556320600EDE383 /* SceneDelegate.swift */ = {isa = PBXFileReference; lastKnownFileType = sourcecode.swift; path = SceneDelegate.swift; sourceTree = "<group>"; };
		4B4128B02556320600EDE383 /* MainViewController.swift */ = {isa = PBXFileReference; lastKnownFileType = sourcecode.swift; path = MainViewController.swift; sourceTree = "<group>"; };
		4B4128B62556320600EDE383 /* ServerGuru.xcdatamodel */ = {isa = PBXFileReference; lastKnownFileType = wrapper.xcdatamodel; path = ServerGuru.xcdatamodel; sourceTree = "<group>"; };
		4B4128B82556320900EDE383 /* Assets.xcassets */ = {isa = PBXFileReference; lastKnownFileType = folder.assetcatalog; path = Assets.xcassets; sourceTree = "<group>"; };
		4B4128BB2556320900EDE383 /* Base */ = {isa = PBXFileReference; lastKnownFileType = file.storyboard; name = Base; path = Base.lproj/LaunchScreen.storyboard; sourceTree = "<group>"; };
		4B4128BD2556320900EDE383 /* Info.plist */ = {isa = PBXFileReference; lastKnownFileType = text.plist.xml; path = Info.plist; sourceTree = "<group>"; };
		4B4128C22556320A00EDE383 /* ServerGuruTests.xctest */ = {isa = PBXFileReference; explicitFileType = wrapper.cfbundle; includeInIndex = 0; path = ServerGuruTests.xctest; sourceTree = BUILT_PRODUCTS_DIR; };
		4B4128C62556320A00EDE383 /* ServerGuruTests.swift */ = {isa = PBXFileReference; lastKnownFileType = sourcecode.swift; path = ServerGuruTests.swift; sourceTree = "<group>"; };
		4B4128C82556320A00EDE383 /* Info.plist */ = {isa = PBXFileReference; lastKnownFileType = text.plist.xml; path = Info.plist; sourceTree = "<group>"; };
		4B4128CD2556320A00EDE383 /* ServerGuruUITests.xctest */ = {isa = PBXFileReference; explicitFileType = wrapper.cfbundle; includeInIndex = 0; path = ServerGuruUITests.xctest; sourceTree = BUILT_PRODUCTS_DIR; };
		4B4128D12556320A00EDE383 /* ServerGuruUITests.swift */ = {isa = PBXFileReference; lastKnownFileType = sourcecode.swift; path = ServerGuruUITests.swift; sourceTree = "<group>"; };
		4B4128D32556320A00EDE383 /* Info.plist */ = {isa = PBXFileReference; lastKnownFileType = text.plist.xml; path = Info.plist; sourceTree = "<group>"; };
		4B4128EC25563E3200EDE383 /* Restaurant.swift */ = {isa = PBXFileReference; lastKnownFileType = sourcecode.swift; path = Restaurant.swift; sourceTree = "<group>"; };
		4B41291F2559E02C00EDE383 /* MenuViewController.swift */ = {isa = PBXFileReference; lastKnownFileType = sourcecode.swift; path = MenuViewController.swift; sourceTree = "<group>"; };
		4B4129272559E03C00EDE383 /* MenuViewControllerModel.swift */ = {isa = PBXFileReference; lastKnownFileType = sourcecode.swift; path = MenuViewControllerModel.swift; sourceTree = "<group>"; };
		58271302C0F8CE28ECD9E0B4 /* Pods-ServerGuruTests.release.xcconfig */ = {isa = PBXFileReference; includeInIndex = 1; lastKnownFileType = text.xcconfig; name = "Pods-ServerGuruTests.release.xcconfig"; path = "Target Support Files/Pods-ServerGuruTests/Pods-ServerGuruTests.release.xcconfig"; sourceTree = "<group>"; };
		6511069D647F1CD38D602AFE /* Pods-ServerGuruTests.debug.xcconfig */ = {isa = PBXFileReference; includeInIndex = 1; lastKnownFileType = text.xcconfig; name = "Pods-ServerGuruTests.debug.xcconfig"; path = "Target Support Files/Pods-ServerGuruTests/Pods-ServerGuruTests.debug.xcconfig"; sourceTree = "<group>"; };
		775D063013B08732A98861BE /* Pods-ServerGuru-ServerGuruUITests.debug.xcconfig */ = {isa = PBXFileReference; includeInIndex = 1; lastKnownFileType = text.xcconfig; name = "Pods-ServerGuru-ServerGuruUITests.debug.xcconfig"; path = "Target Support Files/Pods-ServerGuru-ServerGuruUITests/Pods-ServerGuru-ServerGuruUITests.debug.xcconfig"; sourceTree = "<group>"; };
		B241EF0B1BB0DFCA28DF82C0 /* Pods_ServerGuru_ServerGuruUITests.framework */ = {isa = PBXFileReference; explicitFileType = wrapper.framework; includeInIndex = 0; path = Pods_ServerGuru_ServerGuruUITests.framework; sourceTree = BUILT_PRODUCTS_DIR; };
		B6034CD2D5E17DD924EEC2F6 /* Pods-ServerGuru.debug.xcconfig */ = {isa = PBXFileReference; includeInIndex = 1; lastKnownFileType = text.xcconfig; name = "Pods-ServerGuru.debug.xcconfig"; path = "Target Support Files/Pods-ServerGuru/Pods-ServerGuru.debug.xcconfig"; sourceTree = "<group>"; };
		C294F0DF6882AB1DCADB275E /* Pods-ServerGuru.release.xcconfig */ = {isa = PBXFileReference; includeInIndex = 1; lastKnownFileType = text.xcconfig; name = "Pods-ServerGuru.release.xcconfig"; path = "Target Support Files/Pods-ServerGuru/Pods-ServerGuru.release.xcconfig"; sourceTree = "<group>"; };
		C453780FCD254F132B29B317 /* Pods_ServerGuruTests.framework */ = {isa = PBXFileReference; explicitFileType = wrapper.framework; includeInIndex = 0; path = Pods_ServerGuruTests.framework; sourceTree = BUILT_PRODUCTS_DIR; };
		F541C3BB6F5AEC0F870CAC75 /* Pods-ServerGuru-ServerGuruUITests.release.xcconfig */ = {isa = PBXFileReference; includeInIndex = 1; lastKnownFileType = text.xcconfig; name = "Pods-ServerGuru-ServerGuruUITests.release.xcconfig"; path = "Target Support Files/Pods-ServerGuru-ServerGuruUITests/Pods-ServerGuru-ServerGuruUITests.release.xcconfig"; sourceTree = "<group>"; };
/* End PBXFileReference section */

/* Begin PBXFrameworksBuildPhase section */
		4B4128A62556320600EDE383 /* Frameworks */ = {
			isa = PBXFrameworksBuildPhase;
			buildActionMask = 2147483647;
			files = (
				10C7EA0212609F99880337F4 /* Pods_ServerGuru.framework in Frameworks */,
			);
			runOnlyForDeploymentPostprocessing = 0;
		};
		4B4128BF2556320A00EDE383 /* Frameworks */ = {
			isa = PBXFrameworksBuildPhase;
			buildActionMask = 2147483647;
			files = (
				1045668213B3D8C3B398A105 /* Pods_ServerGuruTests.framework in Frameworks */,
			);
			runOnlyForDeploymentPostprocessing = 0;
		};
		4B4128CA2556320A00EDE383 /* Frameworks */ = {
			isa = PBXFrameworksBuildPhase;
			buildActionMask = 2147483647;
			files = (
				CD7FED4D26169934DF6E68C3 /* Pods_ServerGuru_ServerGuruUITests.framework in Frameworks */,
			);
			runOnlyForDeploymentPostprocessing = 0;
		};
/* End PBXFrameworksBuildPhase section */

/* Begin PBXGroup section */
		4B1BE230266EA7DC00B51534 /* DynamicCollectionView */ = {
			isa = PBXGroup;
			children = (
				4B1BE231266EA80000B51534 /* DynamicCollectionView.swift */,
				4B1BE2422671295C00B51534 /* DynamicCollectionView.xib */,
			);
			path = DynamicCollectionView;
			sourceTree = "<group>";
		};
		4B1BE233266EA9A000B51534 /* Protocols */ = {
			isa = PBXGroup;
			children = (
				4B1BE234266EA9BF00B51534 /* ViewHolderModel.swift */,
			);
			path = Protocols;
			sourceTree = "<group>";
		};
		4B1BE236266EB60400B51534 /* Coordinator */ = {
			isa = PBXGroup;
			children = (
				4B1BE237266EB61700B51534 /* Coordinator.swift */,
				4B1BE23A266ED2AC00B51534 /* MainCoordinator.swift */,
			);
			path = Coordinator;
			sourceTree = "<group>";
		};
		4B1BE24426712A5F00B51534 /* Cells */ = {
			isa = PBXGroup;
			children = (
				4B1BE24526712BE600B51534 /* StandardButtonCVC.swift */,
				4B1BE24626712BE600B51534 /* StandardButtonCVC.xib */,
			);
			path = Cells;
			sourceTree = "<group>";
		};
		4B4128A02556320500EDE383 = {
			isa = PBXGroup;
			children = (
				4B4128AB2556320600EDE383 /* ServerGuru */,
				4B4128C52556320A00EDE383 /* ServerGuruTests */,
				4B4128D02556320A00EDE383 /* ServerGuruUITests */,
				4B4128AA2556320600EDE383 /* Products */,
				EBD2076AA1585A581934C91C /* Pods */,
				A5B12599499ED54EE9FE4FA2 /* Frameworks */,
			);
			sourceTree = "<group>";
		};
		4B4128AA2556320600EDE383 /* Products */ = {
			isa = PBXGroup;
			children = (
				4B4128A92556320600EDE383 /* ServerGuru.app */,
				4B4128C22556320A00EDE383 /* ServerGuruTests.xctest */,
				4B4128CD2556320A00EDE383 /* ServerGuruUITests.xctest */,
			);
			name = Products;
			sourceTree = "<group>";
		};
		4B4128AB2556320600EDE383 /* ServerGuru */ = {
			isa = PBXGroup;
			children = (
				4B4128F4255642C400EDE383 /* Screens */,
				4B1BE24426712A5F00B51534 /* Cells */,
				4B1BE236266EB60400B51534 /* Coordinator */,
				4B1BE233266EA9A000B51534 /* Protocols */,
				4B1BE230266EA7DC00B51534 /* DynamicCollectionView */,
				4B4128EB25563E1000EDE383 /* Restaurant */,
				4B4128AC2556320600EDE383 /* AppDelegate.swift */,
				4B4128AE2556320600EDE383 /* SceneDelegate.swift */,
				4B4128B82556320900EDE383 /* Assets.xcassets */,
				4B4128BA2556320900EDE383 /* LaunchScreen.storyboard */,
				4B4128BD2556320900EDE383 /* Info.plist */,
				4B4128B52556320600EDE383 /* ServerGuru.xcdatamodeld */,
			);
			path = ServerGuru;
			sourceTree = "<group>";
		};
		4B4128C52556320A00EDE383 /* ServerGuruTests */ = {
			isa = PBXGroup;
			children = (
				4B4128C62556320A00EDE383 /* ServerGuruTests.swift */,
				4B4128C82556320A00EDE383 /* Info.plist */,
			);
			path = ServerGuruTests;
			sourceTree = "<group>";
		};
		4B4128D02556320A00EDE383 /* ServerGuruUITests */ = {
			isa = PBXGroup;
			children = (
				4B4128D12556320A00EDE383 /* ServerGuruUITests.swift */,
				4B4128D32556320A00EDE383 /* Info.plist */,
			);
			path = ServerGuruUITests;
			sourceTree = "<group>";
		};
		4B4128EB25563E1000EDE383 /* Restaurant */ = {
			isa = PBXGroup;
			children = (
				4B4128EC25563E3200EDE383 /* Restaurant.swift */,
			);
			path = Restaurant;
			sourceTree = "<group>";
		};
		4B4128F4255642C400EDE383 /* Screens */ = {
			isa = PBXGroup;
			children = (
				4B41291E2559DFFB00EDE383 /* MainViewController */,
				4B41291D2559DFEA00EDE383 /* MenuViewController */,
			);
			path = Screens;
			sourceTree = "<group>";
		};
		4B41291D2559DFEA00EDE383 /* MenuViewController */ = {
			isa = PBXGroup;
			children = (
				4B41291F2559E02C00EDE383 /* MenuViewController.swift */,
				4B4129272559E03C00EDE383 /* MenuViewControllerModel.swift */,
			);
			path = MenuViewController;
			sourceTree = "<group>";
		};
		4B41291E2559DFFB00EDE383 /* MainViewController */ = {
			isa = PBXGroup;
			children = (
				4B4128B02556320600EDE383 /* MainViewController.swift */,
				4B1BE23E2671212E00B51534 /* MainViewController.xib */,
				4B1BE2402671273100B51534 /* MainVCM.swift */,
			);
			path = MainViewController;
			sourceTree = "<group>";
		};
		A5B12599499ED54EE9FE4FA2 /* Frameworks */ = {
			isa = PBXGroup;
			children = (
				28C00054A0A87D79E26A32F6 /* Pods_ServerGuru.framework */,
				B241EF0B1BB0DFCA28DF82C0 /* Pods_ServerGuru_ServerGuruUITests.framework */,
				C453780FCD254F132B29B317 /* Pods_ServerGuruTests.framework */,
			);
			name = Frameworks;
			sourceTree = "<group>";
		};
		EBD2076AA1585A581934C91C /* Pods */ = {
			isa = PBXGroup;
			children = (
				B6034CD2D5E17DD924EEC2F6 /* Pods-ServerGuru.debug.xcconfig */,
				C294F0DF6882AB1DCADB275E /* Pods-ServerGuru.release.xcconfig */,
				775D063013B08732A98861BE /* Pods-ServerGuru-ServerGuruUITests.debug.xcconfig */,
				F541C3BB6F5AEC0F870CAC75 /* Pods-ServerGuru-ServerGuruUITests.release.xcconfig */,
				6511069D647F1CD38D602AFE /* Pods-ServerGuruTests.debug.xcconfig */,
				58271302C0F8CE28ECD9E0B4 /* Pods-ServerGuruTests.release.xcconfig */,
			);
			path = Pods;
			sourceTree = "<group>";
		};
/* End PBXGroup section */

/* Begin PBXNativeTarget section */
		4B4128A82556320600EDE383 /* ServerGuru */ = {
			isa = PBXNativeTarget;
			buildConfigurationList = 4B4128D62556320A00EDE383 /* Build configuration list for PBXNativeTarget "ServerGuru" */;
			buildPhases = (
				F45C1F96C39A1657C844BBFD /* [CP] Check Pods Manifest.lock */,
				4B4128A52556320600EDE383 /* Sources */,
				4B4128A62556320600EDE383 /* Frameworks */,
				4B4128A72556320600EDE383 /* Resources */,
				E12236FCC293022B8951C4BF /* [CP] Embed Pods Frameworks */,
			);
			buildRules = (
			);
			dependencies = (
			);
			name = ServerGuru;
			productName = ServerGuru;
			productReference = 4B4128A92556320600EDE383 /* ServerGuru.app */;
			productType = "com.apple.product-type.application";
		};
		4B4128C12556320A00EDE383 /* ServerGuruTests */ = {
			isa = PBXNativeTarget;
			buildConfigurationList = 4B4128D92556320A00EDE383 /* Build configuration list for PBXNativeTarget "ServerGuruTests" */;
			buildPhases = (
				32017D34C65C1C80C1DCA000 /* [CP] Check Pods Manifest.lock */,
				4B4128BE2556320A00EDE383 /* Sources */,
				4B4128BF2556320A00EDE383 /* Frameworks */,
				4B4128C02556320A00EDE383 /* Resources */,
			);
			buildRules = (
			);
			dependencies = (
				4B4128C42556320A00EDE383 /* PBXTargetDependency */,
			);
			name = ServerGuruTests;
			productName = ServerGuruTests;
			productReference = 4B4128C22556320A00EDE383 /* ServerGuruTests.xctest */;
			productType = "com.apple.product-type.bundle.unit-test";
		};
		4B4128CC2556320A00EDE383 /* ServerGuruUITests */ = {
			isa = PBXNativeTarget;
			buildConfigurationList = 4B4128DC2556320A00EDE383 /* Build configuration list for PBXNativeTarget "ServerGuruUITests" */;
			buildPhases = (
				842808C3F6202070FC1139DD /* [CP] Check Pods Manifest.lock */,
				4B4128C92556320A00EDE383 /* Sources */,
				4B4128CA2556320A00EDE383 /* Frameworks */,
				4B4128CB2556320A00EDE383 /* Resources */,
				013612CAAA29CC58CC73E914 /* [CP] Embed Pods Frameworks */,
			);
			buildRules = (
			);
			dependencies = (
				4B4128CF2556320A00EDE383 /* PBXTargetDependency */,
			);
			name = ServerGuruUITests;
			productName = ServerGuruUITests;
			productReference = 4B4128CD2556320A00EDE383 /* ServerGuruUITests.xctest */;
			productType = "com.apple.product-type.bundle.ui-testing";
		};
/* End PBXNativeTarget section */

/* Begin PBXProject section */
		4B4128A12556320500EDE383 /* Project object */ = {
			isa = PBXProject;
			attributes = {
				LastSwiftUpdateCheck = 1210;
				LastUpgradeCheck = 1210;
				TargetAttributes = {
					4B4128A82556320600EDE383 = {
						CreatedOnToolsVersion = 12.1;
					};
					4B4128C12556320A00EDE383 = {
						CreatedOnToolsVersion = 12.1;
						TestTargetID = 4B4128A82556320600EDE383;
					};
					4B4128CC2556320A00EDE383 = {
						CreatedOnToolsVersion = 12.1;
						TestTargetID = 4B4128A82556320600EDE383;
					};
				};
			};
			buildConfigurationList = 4B4128A42556320500EDE383 /* Build configuration list for PBXProject "ServerGuru" */;
			compatibilityVersion = "Xcode 9.3";
			developmentRegion = en;
			hasScannedForEncodings = 0;
			knownRegions = (
				en,
				Base,
			);
			mainGroup = 4B4128A02556320500EDE383;
			productRefGroup = 4B4128AA2556320600EDE383 /* Products */;
			projectDirPath = "";
			projectRoot = "";
			targets = (
				4B4128A82556320600EDE383 /* ServerGuru */,
				4B4128C12556320A00EDE383 /* ServerGuruTests */,
				4B4128CC2556320A00EDE383 /* ServerGuruUITests */,
			);
		};
/* End PBXProject section */

/* Begin PBXResourcesBuildPhase section */
		4B4128A72556320600EDE383 /* Resources */ = {
			isa = PBXResourcesBuildPhase;
			buildActionMask = 2147483647;
			files = (
				4B4128BC2556320900EDE383 /* LaunchScreen.storyboard in Resources */,
				4B1BE23F2671212E00B51534 /* MainViewController.xib in Resources */,
				4B1BE24826712BE600B51534 /* StandardButtonCVC.xib in Resources */,
				4B1BE2432671295C00B51534 /* DynamicCollectionView.xib in Resources */,
				4B4128B92556320900EDE383 /* Assets.xcassets in Resources */,
			);
			runOnlyForDeploymentPostprocessing = 0;
		};
		4B4128C02556320A00EDE383 /* Resources */ = {
			isa = PBXResourcesBuildPhase;
			buildActionMask = 2147483647;
			files = (
			);
			runOnlyForDeploymentPostprocessing = 0;
		};
		4B4128CB2556320A00EDE383 /* Resources */ = {
			isa = PBXResourcesBuildPhase;
			buildActionMask = 2147483647;
			files = (
			);
			runOnlyForDeploymentPostprocessing = 0;
		};
/* End PBXResourcesBuildPhase section */

/* Begin PBXShellScriptBuildPhase section */
		013612CAAA29CC58CC73E914 /* [CP] Embed Pods Frameworks */ = {
			isa = PBXShellScriptBuildPhase;
			buildActionMask = 2147483647;
			files = (
			);
			inputFileListPaths = (
				"${PODS_ROOT}/Target Support Files/Pods-ServerGuru-ServerGuruUITests/Pods-ServerGuru-ServerGuruUITests-frameworks-${CONFIGURATION}-input-files.xcfilelist",
			);
			name = "[CP] Embed Pods Frameworks";
			outputFileListPaths = (
				"${PODS_ROOT}/Target Support Files/Pods-ServerGuru-ServerGuruUITests/Pods-ServerGuru-ServerGuruUITests-frameworks-${CONFIGURATION}-output-files.xcfilelist",
			);
			runOnlyForDeploymentPostprocessing = 0;
			shellPath = /bin/sh;
			shellScript = "\"${PODS_ROOT}/Target Support Files/Pods-ServerGuru-ServerGuruUITests/Pods-ServerGuru-ServerGuruUITests-frameworks.sh\"\n";
			showEnvVarsInLog = 0;
		};
		32017D34C65C1C80C1DCA000 /* [CP] Check Pods Manifest.lock */ = {
			isa = PBXShellScriptBuildPhase;
			buildActionMask = 2147483647;
			files = (
			);
			inputFileListPaths = (
			);
			inputPaths = (
				"${PODS_PODFILE_DIR_PATH}/Podfile.lock",
				"${PODS_ROOT}/Manifest.lock",
			);
			name = "[CP] Check Pods Manifest.lock";
			outputFileListPaths = (
			);
			outputPaths = (
				"$(DERIVED_FILE_DIR)/Pods-ServerGuruTests-checkManifestLockResult.txt",
			);
			runOnlyForDeploymentPostprocessing = 0;
			shellPath = /bin/sh;
			shellScript = "diff \"${PODS_PODFILE_DIR_PATH}/Podfile.lock\" \"${PODS_ROOT}/Manifest.lock\" > /dev/null\nif [ $? != 0 ] ; then\n    # print error to STDERR\n    echo \"error: The sandbox is not in sync with the Podfile.lock. Run 'pod install' or update your CocoaPods installation.\" >&2\n    exit 1\nfi\n# This output is used by Xcode 'outputs' to avoid re-running this script phase.\necho \"SUCCESS\" > \"${SCRIPT_OUTPUT_FILE_0}\"\n";
			showEnvVarsInLog = 0;
		};
		842808C3F6202070FC1139DD /* [CP] Check Pods Manifest.lock */ = {
			isa = PBXShellScriptBuildPhase;
			buildActionMask = 2147483647;
			files = (
			);
			inputFileListPaths = (
			);
			inputPaths = (
				"${PODS_PODFILE_DIR_PATH}/Podfile.lock",
				"${PODS_ROOT}/Manifest.lock",
			);
			name = "[CP] Check Pods Manifest.lock";
			outputFileListPaths = (
			);
			outputPaths = (
				"$(DERIVED_FILE_DIR)/Pods-ServerGuru-ServerGuruUITests-checkManifestLockResult.txt",
			);
			runOnlyForDeploymentPostprocessing = 0;
			shellPath = /bin/sh;
			shellScript = "diff \"${PODS_PODFILE_DIR_PATH}/Podfile.lock\" \"${PODS_ROOT}/Manifest.lock\" > /dev/null\nif [ $? != 0 ] ; then\n    # print error to STDERR\n    echo \"error: The sandbox is not in sync with the Podfile.lock. Run 'pod install' or update your CocoaPods installation.\" >&2\n    exit 1\nfi\n# This output is used by Xcode 'outputs' to avoid re-running this script phase.\necho \"SUCCESS\" > \"${SCRIPT_OUTPUT_FILE_0}\"\n";
			showEnvVarsInLog = 0;
		};
		E12236FCC293022B8951C4BF /* [CP] Embed Pods Frameworks */ = {
			isa = PBXShellScriptBuildPhase;
			buildActionMask = 2147483647;
			files = (
			);
			inputFileListPaths = (
				"${PODS_ROOT}/Target Support Files/Pods-ServerGuru/Pods-ServerGuru-frameworks-${CONFIGURATION}-input-files.xcfilelist",
			);
			name = "[CP] Embed Pods Frameworks";
			outputFileListPaths = (
				"${PODS_ROOT}/Target Support Files/Pods-ServerGuru/Pods-ServerGuru-frameworks-${CONFIGURATION}-output-files.xcfilelist",
			);
			runOnlyForDeploymentPostprocessing = 0;
			shellPath = /bin/sh;
			shellScript = "\"${PODS_ROOT}/Target Support Files/Pods-ServerGuru/Pods-ServerGuru-frameworks.sh\"\n";
			showEnvVarsInLog = 0;
		};
		F45C1F96C39A1657C844BBFD /* [CP] Check Pods Manifest.lock */ = {
			isa = PBXShellScriptBuildPhase;
			buildActionMask = 2147483647;
			files = (
			);
			inputFileListPaths = (
			);
			inputPaths = (
				"${PODS_PODFILE_DIR_PATH}/Podfile.lock",
				"${PODS_ROOT}/Manifest.lock",
			);
			name = "[CP] Check Pods Manifest.lock";
			outputFileListPaths = (
			);
			outputPaths = (
				"$(DERIVED_FILE_DIR)/Pods-ServerGuru-checkManifestLockResult.txt",
			);
			runOnlyForDeploymentPostprocessing = 0;
			shellPath = /bin/sh;
			shellScript = "diff \"${PODS_PODFILE_DIR_PATH}/Podfile.lock\" \"${PODS_ROOT}/Manifest.lock\" > /dev/null\nif [ $? != 0 ] ; then\n    # print error to STDERR\n    echo \"error: The sandbox is not in sync with the Podfile.lock. Run 'pod install' or update your CocoaPods installation.\" >&2\n    exit 1\nfi\n# This output is used by Xcode 'outputs' to avoid re-running this script phase.\necho \"SUCCESS\" > \"${SCRIPT_OUTPUT_FILE_0}\"\n";
			showEnvVarsInLog = 0;
		};
/* End PBXShellScriptBuildPhase section */

/* Begin PBXSourcesBuildPhase section */
		4B4128A52556320600EDE383 /* Sources */ = {
			isa = PBXSourcesBuildPhase;
			buildActionMask = 2147483647;
			files = (
				4B4128ED25563E3200EDE383 /* Restaurant.swift in Sources */,
				4B1BE23B266ED2AC00B51534 /* MainCoordinator.swift in Sources */,
				4B4128B12556320600EDE383 /* MainViewController.swift in Sources */,
				4B4129202559E02C00EDE383 /* MenuViewController.swift in Sources */,
				4B1BE24726712BE600B51534 /* StandardButtonCVC.swift in Sources */,
				4B4129282559E03C00EDE383 /* MenuViewControllerModel.swift in Sources */,
				4B1BE235266EA9BF00B51534 /* ViewHolderModel.swift in Sources */,
				4B1BE238266EB61700B51534 /* Coordinator.swift in Sources */,
				4B1BE2412671273100B51534 /* MainVCM.swift in Sources */,
				4B1BE232266EA80000B51534 /* DynamicCollectionView.swift in Sources */,
				4B4128B72556320600EDE383 /* ServerGuru.xcdatamodeld in Sources */,
				4B4128AD2556320600EDE383 /* AppDelegate.swift in Sources */,
				4B4128AF2556320600EDE383 /* SceneDelegate.swift in Sources */,
			);
			runOnlyForDeploymentPostprocessing = 0;
		};
		4B4128BE2556320A00EDE383 /* Sources */ = {
			isa = PBXSourcesBuildPhase;
			buildActionMask = 2147483647;
			files = (
				4B4128C72556320A00EDE383 /* ServerGuruTests.swift in Sources */,
			);
			runOnlyForDeploymentPostprocessing = 0;
		};
		4B4128C92556320A00EDE383 /* Sources */ = {
			isa = PBXSourcesBuildPhase;
			buildActionMask = 2147483647;
			files = (
				4B4128D22556320A00EDE383 /* ServerGuruUITests.swift in Sources */,
			);
			runOnlyForDeploymentPostprocessing = 0;
		};
/* End PBXSourcesBuildPhase section */

/* Begin PBXTargetDependency section */
		4B4128C42556320A00EDE383 /* PBXTargetDependency */ = {
			isa = PBXTargetDependency;
			target = 4B4128A82556320600EDE383 /* ServerGuru */;
			targetProxy = 4B4128C32556320A00EDE383 /* PBXContainerItemProxy */;
		};
		4B4128CF2556320A00EDE383 /* PBXTargetDependency */ = {
			isa = PBXTargetDependency;
			target = 4B4128A82556320600EDE383 /* ServerGuru */;
			targetProxy = 4B4128CE2556320A00EDE383 /* PBXContainerItemProxy */;
		};
/* End PBXTargetDependency section */

/* Begin PBXVariantGroup section */
		4B4128BA2556320900EDE383 /* LaunchScreen.storyboard */ = {
			isa = PBXVariantGroup;
			children = (
				4B4128BB2556320900EDE383 /* Base */,
			);
			name = LaunchScreen.storyboard;
			sourceTree = "<group>";
		};
/* End PBXVariantGroup section */

/* Begin XCBuildConfiguration section */
		4B4128D42556320A00EDE383 /* Debug */ = {
			isa = XCBuildConfiguration;
			buildSettings = {
				ALWAYS_SEARCH_USER_PATHS = NO;
				CLANG_ANALYZER_NONNULL = YES;
				CLANG_ANALYZER_NUMBER_OBJECT_CONVERSION = YES_AGGRESSIVE;
				CLANG_CXX_LANGUAGE_STANDARD = "gnu++14";
				CLANG_CXX_LIBRARY = "libc++";
				CLANG_ENABLE_MODULES = YES;
				CLANG_ENABLE_OBJC_ARC = YES;
				CLANG_ENABLE_OBJC_WEAK = YES;
				CLANG_WARN_BLOCK_CAPTURE_AUTORELEASING = YES;
				CLANG_WARN_BOOL_CONVERSION = YES;
				CLANG_WARN_COMMA = YES;
				CLANG_WARN_CONSTANT_CONVERSION = YES;
				CLANG_WARN_DEPRECATED_OBJC_IMPLEMENTATIONS = YES;
				CLANG_WARN_DIRECT_OBJC_ISA_USAGE = YES_ERROR;
				CLANG_WARN_DOCUMENTATION_COMMENTS = YES;
				CLANG_WARN_EMPTY_BODY = YES;
				CLANG_WARN_ENUM_CONVERSION = YES;
				CLANG_WARN_INFINITE_RECURSION = YES;
				CLANG_WARN_INT_CONVERSION = YES;
				CLANG_WARN_NON_LITERAL_NULL_CONVERSION = YES;
				CLANG_WARN_OBJC_IMPLICIT_RETAIN_SELF = YES;
				CLANG_WARN_OBJC_LITERAL_CONVERSION = YES;
				CLANG_WARN_OBJC_ROOT_CLASS = YES_ERROR;
				CLANG_WARN_QUOTED_INCLUDE_IN_FRAMEWORK_HEADER = YES;
				CLANG_WARN_RANGE_LOOP_ANALYSIS = YES;
				CLANG_WARN_STRICT_PROTOTYPES = YES;
				CLANG_WARN_SUSPICIOUS_MOVE = YES;
				CLANG_WARN_UNGUARDED_AVAILABILITY = YES_AGGRESSIVE;
				CLANG_WARN_UNREACHABLE_CODE = YES;
				CLANG_WARN__DUPLICATE_METHOD_MATCH = YES;
				COPY_PHASE_STRIP = NO;
				DEBUG_INFORMATION_FORMAT = dwarf;
				ENABLE_STRICT_OBJC_MSGSEND = YES;
				ENABLE_TESTABILITY = YES;
				GCC_C_LANGUAGE_STANDARD = gnu11;
				GCC_DYNAMIC_NO_PIC = NO;
				GCC_NO_COMMON_BLOCKS = YES;
				GCC_OPTIMIZATION_LEVEL = 0;
				GCC_PREPROCESSOR_DEFINITIONS = (
					"DEBUG=1",
					"$(inherited)",
				);
				GCC_WARN_64_TO_32_BIT_CONVERSION = YES;
				GCC_WARN_ABOUT_RETURN_TYPE = YES_ERROR;
				GCC_WARN_UNDECLARED_SELECTOR = YES;
				GCC_WARN_UNINITIALIZED_AUTOS = YES_AGGRESSIVE;
				GCC_WARN_UNUSED_FUNCTION = YES;
				GCC_WARN_UNUSED_VARIABLE = YES;
				IPHONEOS_DEPLOYMENT_TARGET = 14.1;
				MTL_ENABLE_DEBUG_INFO = INCLUDE_SOURCE;
				MTL_FAST_MATH = YES;
				ONLY_ACTIVE_ARCH = YES;
				SDKROOT = iphoneos;
				SWIFT_ACTIVE_COMPILATION_CONDITIONS = DEBUG;
				SWIFT_OPTIMIZATION_LEVEL = "-Onone";
			};
			name = Debug;
		};
		4B4128D52556320A00EDE383 /* Release */ = {
			isa = XCBuildConfiguration;
			buildSettings = {
				ALWAYS_SEARCH_USER_PATHS = NO;
				CLANG_ANALYZER_NONNULL = YES;
				CLANG_ANALYZER_NUMBER_OBJECT_CONVERSION = YES_AGGRESSIVE;
				CLANG_CXX_LANGUAGE_STANDARD = "gnu++14";
				CLANG_CXX_LIBRARY = "libc++";
				CLANG_ENABLE_MODULES = YES;
				CLANG_ENABLE_OBJC_ARC = YES;
				CLANG_ENABLE_OBJC_WEAK = YES;
				CLANG_WARN_BLOCK_CAPTURE_AUTORELEASING = YES;
				CLANG_WARN_BOOL_CONVERSION = YES;
				CLANG_WARN_COMMA = YES;
				CLANG_WARN_CONSTANT_CONVERSION = YES;
				CLANG_WARN_DEPRECATED_OBJC_IMPLEMENTATIONS = YES;
				CLANG_WARN_DIRECT_OBJC_ISA_USAGE = YES_ERROR;
				CLANG_WARN_DOCUMENTATION_COMMENTS = YES;
				CLANG_WARN_EMPTY_BODY = YES;
				CLANG_WARN_ENUM_CONVERSION = YES;
				CLANG_WARN_INFINITE_RECURSION = YES;
				CLANG_WARN_INT_CONVERSION = YES;
				CLANG_WARN_NON_LITERAL_NULL_CONVERSION = YES;
				CLANG_WARN_OBJC_IMPLICIT_RETAIN_SELF = YES;
				CLANG_WARN_OBJC_LITERAL_CONVERSION = YES;
				CLANG_WARN_OBJC_ROOT_CLASS = YES_ERROR;
				CLANG_WARN_QUOTED_INCLUDE_IN_FRAMEWORK_HEADER = YES;
				CLANG_WARN_RANGE_LOOP_ANALYSIS = YES;
				CLANG_WARN_STRICT_PROTOTYPES = YES;
				CLANG_WARN_SUSPICIOUS_MOVE = YES;
				CLANG_WARN_UNGUARDED_AVAILABILITY = YES_AGGRESSIVE;
				CLANG_WARN_UNREACHABLE_CODE = YES;
				CLANG_WARN__DUPLICATE_METHOD_MATCH = YES;
				COPY_PHASE_STRIP = NO;
				DEBUG_INFORMATION_FORMAT = "dwarf-with-dsym";
				ENABLE_NS_ASSERTIONS = NO;
				ENABLE_STRICT_OBJC_MSGSEND = YES;
				GCC_C_LANGUAGE_STANDARD = gnu11;
				GCC_NO_COMMON_BLOCKS = YES;
				GCC_WARN_64_TO_32_BIT_CONVERSION = YES;
				GCC_WARN_ABOUT_RETURN_TYPE = YES_ERROR;
				GCC_WARN_UNDECLARED_SELECTOR = YES;
				GCC_WARN_UNINITIALIZED_AUTOS = YES_AGGRESSIVE;
				GCC_WARN_UNUSED_FUNCTION = YES;
				GCC_WARN_UNUSED_VARIABLE = YES;
				IPHONEOS_DEPLOYMENT_TARGET = 14.1;
				MTL_ENABLE_DEBUG_INFO = NO;
				MTL_FAST_MATH = YES;
				SDKROOT = iphoneos;
				SWIFT_COMPILATION_MODE = wholemodule;
				SWIFT_OPTIMIZATION_LEVEL = "-O";
				VALIDATE_PRODUCT = YES;
			};
			name = Release;
		};
		4B4128D72556320A00EDE383 /* Debug */ = {
			isa = XCBuildConfiguration;
			baseConfigurationReference = B6034CD2D5E17DD924EEC2F6 /* Pods-ServerGuru.debug.xcconfig */;
			buildSettings = {
				ASSETCATALOG_COMPILER_APPICON_NAME = AppIcon;
				ASSETCATALOG_COMPILER_GLOBAL_ACCENT_COLOR_NAME = AccentColor;
				CODE_SIGN_STYLE = Automatic;
				DEVELOPMENT_TEAM = ZAY3HZ6DTU;
				INFOPLIST_FILE = ServerGuru/Info.plist;
				LD_RUNPATH_SEARCH_PATHS = (
					"$(inherited)",
					"@executable_path/Frameworks",
				);
				PRODUCT_BUNDLE_IDENTIFIER = co.Imantium.ServerGuru;
				PRODUCT_NAME = "$(TARGET_NAME)";
				SWIFT_VERSION = 5.0;
				TARGETED_DEVICE_FAMILY = "1,2";
			};
			name = Debug;
		};
		4B4128D82556320A00EDE383 /* Release */ = {
			isa = XCBuildConfiguration;
			baseConfigurationReference = C294F0DF6882AB1DCADB275E /* Pods-ServerGuru.release.xcconfig */;
			buildSettings = {
				ASSETCATALOG_COMPILER_APPICON_NAME = AppIcon;
				ASSETCATALOG_COMPILER_GLOBAL_ACCENT_COLOR_NAME = AccentColor;
				CODE_SIGN_STYLE = Automatic;
				DEVELOPMENT_TEAM = ZAY3HZ6DTU;
				INFOPLIST_FILE = ServerGuru/Info.plist;
				LD_RUNPATH_SEARCH_PATHS = (
					"$(inherited)",
					"@executable_path/Frameworks",
				);
				PRODUCT_BUNDLE_IDENTIFIER = co.Imantium.ServerGuru;
				PRODUCT_NAME = "$(TARGET_NAME)";
				SWIFT_VERSION = 5.0;
				TARGETED_DEVICE_FAMILY = "1,2";
			};
			name = Release;
		};
		4B4128DA2556320A00EDE383 /* Debug */ = {
			isa = XCBuildConfiguration;
			baseConfigurationReference = 6511069D647F1CD38D602AFE /* Pods-ServerGuruTests.debug.xcconfig */;
			buildSettings = {
				ALWAYS_EMBED_SWIFT_STANDARD_LIBRARIES = YES;
				BUNDLE_LOADER = "$(TEST_HOST)";
				CODE_SIGN_STYLE = Automatic;
				DEVELOPMENT_TEAM = ZAY3HZ6DTU;
				INFOPLIST_FILE = ServerGuruTests/Info.plist;
				IPHONEOS_DEPLOYMENT_TARGET = 14.1;
				LD_RUNPATH_SEARCH_PATHS = (
					"$(inherited)",
					"@executable_path/Frameworks",
					"@loader_path/Frameworks",
				);
				PRODUCT_BUNDLE_IDENTIFIER = co.Imantium.ServerGuruTests;
				PRODUCT_NAME = "$(TARGET_NAME)";
				SWIFT_VERSION = 5.0;
				TARGETED_DEVICE_FAMILY = "1,2";
				TEST_HOST = "$(BUILT_PRODUCTS_DIR)/ServerGuru.app/ServerGuru";
			};
			name = Debug;
		};
		4B4128DB2556320A00EDE383 /* Release */ = {
			isa = XCBuildConfiguration;
			baseConfigurationReference = 58271302C0F8CE28ECD9E0B4 /* Pods-ServerGuruTests.release.xcconfig */;
			buildSettings = {
				ALWAYS_EMBED_SWIFT_STANDARD_LIBRARIES = YES;
				BUNDLE_LOADER = "$(TEST_HOST)";
				CODE_SIGN_STYLE = Automatic;
				DEVELOPMENT_TEAM = ZAY3HZ6DTU;
				INFOPLIST_FILE = ServerGuruTests/Info.plist;
				IPHONEOS_DEPLOYMENT_TARGET = 14.1;
				LD_RUNPATH_SEARCH_PATHS = (
					"$(inherited)",
					"@executable_path/Frameworks",
					"@loader_path/Frameworks",
				);
				PRODUCT_BUNDLE_IDENTIFIER = co.Imantium.ServerGuruTests;
				PRODUCT_NAME = "$(TARGET_NAME)";
				SWIFT_VERSION = 5.0;
				TARGETED_DEVICE_FAMILY = "1,2";
				TEST_HOST = "$(BUILT_PRODUCTS_DIR)/ServerGuru.app/ServerGuru";
			};
			name = Release;
		};
		4B4128DD2556320A00EDE383 /* Debug */ = {
			isa = XCBuildConfiguration;
			baseConfigurationReference = 775D063013B08732A98861BE /* Pods-ServerGuru-ServerGuruUITests.debug.xcconfig */;
			buildSettings = {
				ALWAYS_EMBED_SWIFT_STANDARD_LIBRARIES = YES;
				CODE_SIGN_STYLE = Automatic;
				DEVELOPMENT_TEAM = ZAY3HZ6DTU;
				INFOPLIST_FILE = ServerGuruUITests/Info.plist;
				LD_RUNPATH_SEARCH_PATHS = (
					"$(inherited)",
					"@executable_path/Frameworks",
					"@loader_path/Frameworks",
				);
				PRODUCT_BUNDLE_IDENTIFIER = co.Imantium.ServerGuruUITests;
				PRODUCT_NAME = "$(TARGET_NAME)";
				SWIFT_VERSION = 5.0;
				TARGETED_DEVICE_FAMILY = "1,2";
				TEST_TARGET_NAME = ServerGuru;
			};
			name = Debug;
		};
		4B4128DE2556320A00EDE383 /* Release */ = {
			isa = XCBuildConfiguration;
			baseConfigurationReference = F541C3BB6F5AEC0F870CAC75 /* Pods-ServerGuru-ServerGuruUITests.release.xcconfig */;
			buildSettings = {
				ALWAYS_EMBED_SWIFT_STANDARD_LIBRARIES = YES;
				CODE_SIGN_STYLE = Automatic;
				DEVELOPMENT_TEAM = ZAY3HZ6DTU;
				INFOPLIST_FILE = ServerGuruUITests/Info.plist;
				LD_RUNPATH_SEARCH_PATHS = (
					"$(inherited)",
					"@executable_path/Frameworks",
					"@loader_path/Frameworks",
				);
				PRODUCT_BUNDLE_IDENTIFIER = co.Imantium.ServerGuruUITests;
				PRODUCT_NAME = "$(TARGET_NAME)";
				SWIFT_VERSION = 5.0;
				TARGETED_DEVICE_FAMILY = "1,2";
				TEST_TARGET_NAME = ServerGuru;
			};
			name = Release;
		};
/* End XCBuildConfiguration section */

/* Begin XCConfigurationList section */
		4B4128A42556320500EDE383 /* Build configuration list for PBXProject "ServerGuru" */ = {
			isa = XCConfigurationList;
			buildConfigurations = (
				4B4128D42556320A00EDE383 /* Debug */,
				4B4128D52556320A00EDE383 /* Release */,
			);
			defaultConfigurationIsVisible = 0;
			defaultConfigurationName = Release;
		};
		4B4128D62556320A00EDE383 /* Build configuration list for PBXNativeTarget "ServerGuru" */ = {
			isa = XCConfigurationList;
			buildConfigurations = (
				4B4128D72556320A00EDE383 /* Debug */,
				4B4128D82556320A00EDE383 /* Release */,
			);
			defaultConfigurationIsVisible = 0;
			defaultConfigurationName = Release;
		};
		4B4128D92556320A00EDE383 /* Build configuration list for PBXNativeTarget "ServerGuruTests" */ = {
			isa = XCConfigurationList;
			buildConfigurations = (
				4B4128DA2556320A00EDE383 /* Debug */,
				4B4128DB2556320A00EDE383 /* Release */,
			);
			defaultConfigurationIsVisible = 0;
			defaultConfigurationName = Release;
		};
		4B4128DC2556320A00EDE383 /* Build configuration list for PBXNativeTarget "ServerGuruUITests" */ = {
			isa = XCConfigurationList;
			buildConfigurations = (
				4B4128DD2556320A00EDE383 /* Debug */,
				4B4128DE2556320A00EDE383 /* Release */,
			);
			defaultConfigurationIsVisible = 0;
			defaultConfigurationName = Release;
		};
/* End XCConfigurationList section */

/* Begin XCVersionGroup section */
		4B4128B52556320600EDE383 /* ServerGuru.xcdatamodeld */ = {
			isa = XCVersionGroup;
			children = (
				4B4128B62556320600EDE383 /* ServerGuru.xcdatamodel */,
			);
			currentVersion = 4B4128B62556320600EDE383 /* ServerGuru.xcdatamodel */;
			path = ServerGuru.xcdatamodeld;
			sourceTree = "<group>";
			versionGroupType = wrapper.xcdatamodel;
		};
/* End XCVersionGroup section */
	};
	rootObject = 4B4128A12556320500EDE383 /* Project object */;
}
